
Microsoft Visual Studio Solution File, Format Version 12.00
# Visual Studio Version 17
VisualStudioVersion = 17.14.36429.23 d17.14
MinimumVisualStudioVersion = 10.0.40219.1
Project("{FAE04EC0-301F-11D3-BF4B-00C04F79EFBC}") = "Notification", "Notification.csproj", "{512F38E0-4A0E-0E9F-AE02-C123F3EE4ABB}"
EndProject
Global
	GlobalSection(SolutionConfigurationPlatforms) = preSolution
		Debug|Any CPU = Debug|Any CPU
		Release|Any CPU = Release|Any CPU
	EndGlobalSection
	GlobalSection(ProjectConfigurationPlatforms) = postSolution
		{512F38E0-4A0E-0E9F-AE02-C123F3EE4ABB}.Debug|Any CPU.ActiveCfg = Debug|Any CPU
		{512F38E0-4A0E-0E9F-AE02-C123F3EE4ABB}.Debug|Any CPU.Build.0 = Debug|Any CPU
		{512F38E0-4A0E-0E9F-AE02-C123F3EE4ABB}.Release|Any CPU.ActiveCfg = Release|Any CPU
		{512F38E0-4A0E-0E9F-AE02-C123F3EE4ABB}.Release|Any CPU.Build.0 = Release|Any CPU
	EndGlobalSection
	GlobalSection(SolutionProperties) = preSolution
		HideSolutionNode = FALSE
	EndGlobalSection
	GlobalSection(ExtensibilityGlobals) = postSolution
		SolutionGuid = {E0C6233C-4A49-4FCA-B7BC-FCA79A748CC4}
	EndGlobalSection
EndGlobal
